<?xml version="1.0" encoding="utf-8"?>
<Project ToolsVersion="4.0" xmlns="http://schemas.microsoft.com/developer/msbuild/2003">
  <ItemGroup>
    <Filter Include="Source Files">
      <UniqueIdentifier>{4FC737F1-C7A5-4376-A066-2A32D752A2FF}</UniqueIdentifier>
      <Extensions>cpp;c;cc;cxx;def;odl;idl;hpj;bat;asm;asmx</Extensions>
    </Filter>
    <Filter Include="Header Files">
      <UniqueIdentifier>{93995380-89BD-4b04-88EB-625FBE52EBFB}</UniqueIdentifier>
      <Extensions>h;hh;hpp;hxx;hm;inl;inc;xsd</Extensions>
    </Filter>
    <Filter Include="Resource Files">
      <UniqueIdentifier>{67DA6AB6-F800-4c08-8B7A-83BB121AAD01}</UniqueIdentifier>
      <Extensions>rc;ico;cur;bmp;dlg;rc2;rct;bin;rgs;gif;jpg;jpeg;jpe;resx;tiff;tif;png;wav;mfcribbon-ms</Extensions>
    </Filter>
  </ItemGroup>
  <ItemGroup>
    <ClInclude Include="__vm\.RiegoAutonomo.vsarduino.h">
      <Filter>Header Files</Filter>
    </ClInclude>
    <ClInclude Include="Riego.h">
      <Filter>Header Files</Filter>
    </ClInclude>
    <ClInclude Include="Tiempo.h">
      <Filter>Header Files</Filter>
    </ClInclude>
    <ClInclude Include="Pair.h">
      <Filter>Header Files</Filter>
    </ClInclude>
    <ClInclude Include="DHT.h">
      <Filter>Resource Files</Filter>
    </ClInclude>
    <ClInclude Include="Valvula.h">
      <Filter>Header Files</Filter>
    </ClInclude>
    <ClInclude Include="Tiempo_Riego.h">
      <Filter>Header Files</Filter>
    </ClInclude>
    <ClInclude Include="chrono.h">
      <Filter>Resource Files</Filter>
    </ClInclude>
    <ClInclude Include="Ethernet_web.h">
      <Filter>Header Files</Filter>
    </ClInclude>
  </ItemGroup>
  <ItemGroup>
    <None Include="RiegoAutonomo.ino" />
  </ItemGroup>
  <ItemGroup>
    <ClCompile Include="Riego.cpp">
      <Filter>Source Files</Filter>
    </ClCompile>
    <ClCompile Include="Tiempo.cpp">
      <Filter>Source Files</Filter>
    </ClCompile>
    <ClCompile Include="DHT.cpp">
      <Filter>Resource Files</Filter>
    </ClCompile>
    <ClCompile Include="Valvula.cpp">
      <Filter>Source Files</Filter>
    </ClCompile>
    <ClCompile Include="Tiempo_Riego.cpp">
      <Filter>Source Files</Filter>
    </ClCompile>
    <ClCompile Include="Ethernet_web.cpp">
      <Filter>Source Files</Filter>
    </ClCompile>
  </ItemGroup>
</Project>